// !$*UTF8*$!
{
	archiveVersion = 1;
	classes = {
	};
	objectVersion = 56;
	objects = {

/* Begin PBXBuildFile section */
		A83530752A28D01400A8A86E /* TeamGenerationViewController.swift in Sources */ = {isa = PBXBuildFile; fileRef = A83530742A28D01400A8A86E /* TeamGenerationViewController.swift */; };
		A83530772A28D06300A8A86E /* GeneratedTeamsViewController.swift in Sources */ = {isa = PBXBuildFile; fileRef = A83530762A28D06300A8A86E /* GeneratedTeamsViewController.swift */; };
		A835307B2A28D71900A8A86E /* Team.swift in Sources */ = {isa = PBXBuildFile; fileRef = A835307A2A28D71900A8A86E /* Team.swift */; };
		A835307D2A28D8E700A8A86E /* TeamsViewModel.swift in Sources */ = {isa = PBXBuildFile; fileRef = A835307C2A28D8E700A8A86E /* TeamsViewModel.swift */; };
		A835307F2A28E07000A8A86E /* Fixture.swift in Sources */ = {isa = PBXBuildFile; fileRef = A835307E2A28E07000A8A86E /* Fixture.swift */; };
		A83530812A297F2100A8A86E /* TeamsTableViewCell.swift in Sources */ = {isa = PBXBuildFile; fileRef = A83530802A297F2100A8A86E /* TeamsTableViewCell.swift */; };
		A83530852A298D8700A8A86E /* HelperFunctions.swift in Sources */ = {isa = PBXBuildFile; fileRef = A83530842A298D8700A8A86E /* HelperFunctions.swift */; };
		A83530872A29952E00A8A86E /* TeamDetailView.swift in Sources */ = {isa = PBXBuildFile; fileRef = A83530862A29952E00A8A86E /* TeamDetailView.swift */; };
		A8EBA4692A27D9E3009C0307 /* AppDelegate.swift in Sources */ = {isa = PBXBuildFile; fileRef = A8EBA4682A27D9E3009C0307 /* AppDelegate.swift */; };
		A8EBA46B2A27D9E3009C0307 /* SceneDelegate.swift in Sources */ = {isa = PBXBuildFile; fileRef = A8EBA46A2A27D9E3009C0307 /* SceneDelegate.swift */; };
		A8EBA4702A27D9E3009C0307 /* Main.storyboard in Resources */ = {isa = PBXBuildFile; fileRef = A8EBA46E2A27D9E3009C0307 /* Main.storyboard */; };
		A8EBA4722A27D9E4009C0307 /* Assets.xcassets in Resources */ = {isa = PBXBuildFile; fileRef = A8EBA4712A27D9E4009C0307 /* Assets.xcassets */; };
		A8EBA4752A27D9E4009C0307 /* LaunchScreen.storyboard in Resources */ = {isa = PBXBuildFile; fileRef = A8EBA4732A27D9E4009C0307 /* LaunchScreen.storyboard */; };
/* End PBXBuildFile section */

/* Begin PBXFileReference section */
		A83530742A28D01400A8A86E /* TeamGenerationViewController.swift */ = {isa = PBXFileReference; lastKnownFileType = sourcecode.swift; path = TeamGenerationViewController.swift; sourceTree = "<group>"; };
		A83530762A28D06300A8A86E /* GeneratedTeamsViewController.swift */ = {isa = PBXFileReference; lastKnownFileType = sourcecode.swift; path = GeneratedTeamsViewController.swift; sourceTree = "<group>"; };
		A835307A2A28D71900A8A86E /* Team.swift */ = {isa = PBXFileReference; lastKnownFileType = sourcecode.swift; path = Team.swift; sourceTree = "<group>"; };
		A835307C2A28D8E700A8A86E /* TeamsViewModel.swift */ = {isa = PBXFileReference; lastKnownFileType = sourcecode.swift; path = TeamsViewModel.swift; sourceTree = "<group>"; };
		A835307E2A28E07000A8A86E /* Fixture.swift */ = {isa = PBXFileReference; lastKnownFileType = sourcecode.swift; path = Fixture.swift; sourceTree = "<group>"; };
		A83530802A297F2100A8A86E /* TeamsTableViewCell.swift */ = {isa = PBXFileReference; lastKnownFileType = sourcecode.swift; path = TeamsTableViewCell.swift; sourceTree = "<group>"; };
		A83530842A298D8700A8A86E /* HelperFunctions.swift */ = {isa = PBXFileReference; lastKnownFileType = sourcecode.swift; path = HelperFunctions.swift; sourceTree = "<group>"; };
		A83530862A29952E00A8A86E /* TeamDetailView.swift */ = {isa = PBXFileReference; lastKnownFileType = sourcecode.swift; path = TeamDetailView.swift; sourceTree = "<group>"; };
		A8EBA4652A27D9E3009C0307 /* FootballLeagueSimulator.app */ = {isa = PBXFileReference; explicitFileType = wrapper.application; includeInIndex = 0; path = FootballLeagueSimulator.app; sourceTree = BUILT_PRODUCTS_DIR; };
		A8EBA4682A27D9E3009C0307 /* AppDelegate.swift */ = {isa = PBXFileReference; lastKnownFileType = sourcecode.swift; path = AppDelegate.swift; sourceTree = "<group>"; };
		A8EBA46A2A27D9E3009C0307 /* SceneDelegate.swift */ = {isa = PBXFileReference; lastKnownFileType = sourcecode.swift; path = SceneDelegate.swift; sourceTree = "<group>"; };
		A8EBA46F2A27D9E3009C0307 /* Base */ = {isa = PBXFileReference; lastKnownFileType = file.storyboard; name = Base; path = Base.lproj/Main.storyboard; sourceTree = "<group>"; };
		A8EBA4712A27D9E4009C0307 /* Assets.xcassets */ = {isa = PBXFileReference; lastKnownFileType = folder.assetcatalog; path = Assets.xcassets; sourceTree = "<group>"; };
		A8EBA4742A27D9E4009C0307 /* Base */ = {isa = PBXFileReference; lastKnownFileType = file.storyboard; name = Base; path = Base.lproj/LaunchScreen.storyboard; sourceTree = "<group>"; };
		A8EBA4762A27D9E4009C0307 /* Info.plist */ = {isa = PBXFileReference; lastKnownFileType = text.plist.xml; path = Info.plist; sourceTree = "<group>"; };
/* End PBXFileReference section */

/* Begin PBXFrameworksBuildPhase section */
		A8EBA4622A27D9E3009C0307 /* Frameworks */ = {
			isa = PBXFrameworksBuildPhase;
			buildActionMask = 2147483647;
			files = (
			);
			runOnlyForDeploymentPostprocessing = 0;
		};
/* End PBXFrameworksBuildPhase section */

/* Begin PBXGroup section */
		A83530702A28CF5B00A8A86E /* ViewControllers */ = {
			isa = PBXGroup;
			children = (
				A83530742A28D01400A8A86E /* TeamGenerationViewController.swift */,
				A83530762A28D06300A8A86E /* GeneratedTeamsViewController.swift */,
			);
			path = ViewControllers;
			sourceTree = "<group>";
		};
		A83530712A28CF6600A8A86E /* ViewModels */ = {
			isa = PBXGroup;
			children = (
				A835307C2A28D8E700A8A86E /* TeamsViewModel.swift */,
			);
			path = ViewModels;
			sourceTree = "<group>";
		};
		A83530722A28CF7600A8A86E /* Models */ = {
			isa = PBXGroup;
			children = (
				A835307A2A28D71900A8A86E /* Team.swift */,
				A835307E2A28E07000A8A86E /* Fixture.swift */,
			);
			path = Models;
			sourceTree = "<group>";
		};
		A83530732A28CF7C00A8A86E /* Views */ = {
			isa = PBXGroup;
			children = (
				A83530802A297F2100A8A86E /* TeamsTableViewCell.swift */,
				A83530862A29952E00A8A86E /* TeamDetailView.swift */,
			);
			path = Views;
			sourceTree = "<group>";
		};
		A83530832A298D7800A8A86E /* Helper */ = {
			isa = PBXGroup;
			children = (
				A83530842A298D8700A8A86E /* HelperFunctions.swift */,
			);
			path = Helper;
			sourceTree = "<group>";
		};
		A8EBA45C2A27D9E3009C0307 = {
			isa = PBXGroup;
			children = (
				A8EBA4672A27D9E3009C0307 /* FootballLeagueSimulator */,
				A8EBA4662A27D9E3009C0307 /* Products */,
			);
			sourceTree = "<group>";
		};
		A8EBA4662A27D9E3009C0307 /* Products */ = {
			isa = PBXGroup;
			children = (
				A8EBA4652A27D9E3009C0307 /* FootballLeagueSimulator.app */,
			);
			name = Products;
			sourceTree = "<group>";
		};
		A8EBA4672A27D9E3009C0307 /* FootballLeagueSimulator */ = {
			isa = PBXGroup;
			children = (
				A83530832A298D7800A8A86E /* Helper */,
				A83530732A28CF7C00A8A86E /* Views */,
				A83530722A28CF7600A8A86E /* Models */,
				A83530712A28CF6600A8A86E /* ViewModels */,
				A83530702A28CF5B00A8A86E /* ViewControllers */,
				A8EBA4682A27D9E3009C0307 /* AppDelegate.swift */,
				A8EBA46A2A27D9E3009C0307 /* SceneDelegate.swift */,
				A8EBA46E2A27D9E3009C0307 /* Main.storyboard */,
				A8EBA4712A27D9E4009C0307 /* Assets.xcassets */,
				A8EBA4732A27D9E4009C0307 /* LaunchScreen.storyboard */,
				A8EBA4762A27D9E4009C0307 /* Info.plist */,
			);
			path = FootballLeagueSimulator;
			sourceTree = "<group>";
		};
/* End PBXGroup section */

/* Begin PBXNativeTarget section */
		A8EBA4642A27D9E3009C0307 /* FootballLeagueSimulator */ = {
			isa = PBXNativeTarget;
			buildConfigurationList = A8EBA4792A27D9E4009C0307 /* Build configuration list for PBXNativeTarget "FootballLeagueSimulator" */;
			buildPhases = (
				A8EBA4612A27D9E3009C0307 /* Sources */,
				A8EBA4622A27D9E3009C0307 /* Frameworks */,
				A8EBA4632A27D9E3009C0307 /* Resources */,
			);
			buildRules = (
			);
			dependencies = (
			);
			name = FootballLeagueSimulator;
			productName = FootballLeagueSimulator;
			productReference = A8EBA4652A27D9E3009C0307 /* FootballLeagueSimulator.app */;
			productType = "com.apple.product-type.application";
		};
/* End PBXNativeTarget section */

/* Begin PBXProject section */
		A8EBA45D2A27D9E3009C0307 /* Project object */ = {
			isa = PBXProject;
			attributes = {
				BuildIndependentTargetsInParallel = 1;
				LastSwiftUpdateCheck = 1430;
				LastUpgradeCheck = 1430;
				TargetAttributes = {
					A8EBA4642A27D9E3009C0307 = {
						CreatedOnToolsVersion = 14.3;
					};
				};
			};
			buildConfigurationList = A8EBA4602A27D9E3009C0307 /* Build configuration list for PBXProject "FootballLeagueSimulator" */;
			compatibilityVersion = "Xcode 14.0";
			developmentRegion = en;
			hasScannedForEncodings = 0;
			knownRegions = (
				en,
				Base,
			);
			mainGroup = A8EBA45C2A27D9E3009C0307;
			productRefGroup = A8EBA4662A27D9E3009C0307 /* Products */;
			projectDirPath = "";
			projectRoot = "";
			targets = (
				A8EBA4642A27D9E3009C0307 /* FootballLeagueSimulator */,
			);
		};
/* End PBXProject section */

/* Begin PBXResourcesBuildPhase section */
		A8EBA4632A27D9E3009C0307 /* Resources */ = {
			isa = PBXResourcesBuildPhase;
			buildActionMask = 2147483647;
			files = (
				A8EBA4752A27D9E4009C0307 /* LaunchScreen.storyboard in Resources */,
				A8EBA4722A27D9E4009C0307 /* Assets.xcassets in Resources */,
				A8EBA4702A27D9E3009C0307 /* Main.storyboard in Resources */,
			);
			runOnlyForDeploymentPostprocessing = 0;
		};
/* End PBXResourcesBuildPhase section */

/* Begin PBXSourcesBuildPhase section */
		A8EBA4612A27D9E3009C0307 /* Sources */ = {
			isa = PBXSourcesBuildPhase;
			buildActionMask = 2147483647;
			files = (
				A83530812A297F2100A8A86E /* TeamsTableViewCell.swift in Sources */,
				A8EBA4692A27D9E3009C0307 /* AppDelegate.swift in Sources */,
				A83530772A28D06300A8A86E /* GeneratedTeamsViewController.swift in Sources */,
				A83530752A28D01400A8A86E /* TeamGenerationViewController.swift in Sources */,
				A835307B2A28D71900A8A86E /* Team.swift in Sources */,
				A835307F2A28E07000A8A86E /* Fixture.swift in Sources */,
				A8EBA46B2A27D9E3009C0307 /* SceneDelegate.swift in Sources */,
				A835307D2A28D8E700A8A86E /* TeamsViewModel.swift in Sources */,
				A83530872A29952E00A8A86E /* TeamDetailView.swift in Sources */,
				A83530852A298D8700A8A86E /* HelperFunctions.swift in Sources */,
			);
			runOnlyForDeploymentPostprocessing = 0;
		};
/* End PBXSourcesBuildPhase section */

/* Begin PBXVariantGroup section */
		A8EBA46E2A27D9E3009C0307 /* Main.storyboard */ = {
			isa = PBXVariantGroup;
			children = (
				A8EBA46F2A27D9E3009C0307 /* Base */,
			);
			name = Main.storyboard;
			sourceTree = "<group>";
		};
		A8EBA4732A27D9E4009C0307 /* LaunchScreen.storyboard */ = {
			isa = PBXVariantGroup;
			children = (
				A8EBA4742A27D9E4009C0307 /* Base */,
			);
			name = LaunchScreen.storyboard;
			sourceTree = "<group>";
		};
/* End PBXVariantGroup section */

/* Begin XCBuildConfiguration section */
		A8EBA4772A27D9E4009C0307 /* Debug */ = {
			isa = XCBuildConfiguration;
			buildSettings = {
				ALWAYS_SEARCH_USER_PATHS = NO;
				CLANG_ANALYZER_NONNULL = YES;
				CLANG_ANALYZER_NUMBER_OBJECT_CONVERSION = YES_AGGRESSIVE;
				CLANG_CXX_LANGUAGE_STANDARD = "gnu++20";
				CLANG_ENABLE_MODULES = YES;
				CLANG_ENABLE_OBJC_ARC = YES;
				CLANG_ENABLE_OBJC_WEAK = YES;
				CLANG_WARN_BLOCK_CAPTURE_AUTORELEASING = YES;
				CLANG_WARN_BOOL_CONVERSION = YES;
				CLANG_WARN_COMMA = YES;
				CLANG_WARN_CONSTANT_CONVERSION = YES;
				CLANG_WARN_DEPRECATED_OBJC_IMPLEMENTATIONS = YES;
				CLANG_WARN_DIRECT_OBJC_ISA_USAGE = YES_ERROR;
				CLANG_WARN_DOCUMENTATION_COMMENTS = YES;
				CLANG_WARN_EMPTY_BODY = YES;
				CLANG_WARN_ENUM_CONVERSION = YES;
				CLANG_WARN_INFINITE_RECURSION = YES;
				CLANG_WARN_INT_CONVERSION = YES;
				CLANG_WARN_NON_LITERAL_NULL_CONVERSION = YES;
				CLANG_WARN_OBJC_IMPLICIT_RETAIN_SELF = YES;
				CLANG_WARN_OBJC_LITERAL_CONVERSION = YES;
				CLANG_WARN_OBJC_ROOT_CLASS = YES_ERROR;
				CLANG_WARN_QUOTED_INCLUDE_IN_FRAMEWORK_HEADER = YES;
				CLANG_WARN_RANGE_LOOP_ANALYSIS = YES;
				CLANG_WARN_STRICT_PROTOTYPES = YES;
				CLANG_WARN_SUSPICIOUS_MOVE = YES;
				CLANG_WARN_UNGUARDED_AVAILABILITY = YES_AGGRESSIVE;
				CLANG_WARN_UNREACHABLE_CODE = YES;
				CLANG_WARN__DUPLICATE_METHOD_MATCH = YES;
				COPY_PHASE_STRIP = NO;
				DEBUG_INFORMATION_FORMAT = dwarf;
				ENABLE_STRICT_OBJC_MSGSEND = YES;
				ENABLE_TESTABILITY = YES;
				GCC_C_LANGUAGE_STANDARD = gnu11;
				GCC_DYNAMIC_NO_PIC = NO;
				GCC_NO_COMMON_BLOCKS = YES;
				GCC_OPTIMIZATION_LEVEL = 0;
				GCC_PREPROCESSOR_DEFINITIONS = (
					"DEBUG=1",
					"$(inherited)",
				);
				GCC_WARN_64_TO_32_BIT_CONVERSION = YES;
				GCC_WARN_ABOUT_RETURN_TYPE = YES_ERROR;
				GCC_WARN_UNDECLARED_SELECTOR = YES;
				GCC_WARN_UNINITIALIZED_AUTOS = YES_AGGRESSIVE;
				GCC_WARN_UNUSED_FUNCTION = YES;
				GCC_WARN_UNUSED_VARIABLE = YES;
				IPHONEOS_DEPLOYMENT_TARGET = 16.4;
				MTL_ENABLE_DEBUG_INFO = INCLUDE_SOURCE;
				MTL_FAST_MATH = YES;
				ONLY_ACTIVE_ARCH = YES;
				SDKROOT = iphoneos;
				SWIFT_ACTIVE_COMPILATION_CONDITIONS = DEBUG;
				SWIFT_OPTIMIZATION_LEVEL = "-Onone";
			};
			name = Debug;
		};
		A8EBA4782A27D9E4009C0307 /* Release */ = {
			isa = XCBuildConfiguration;
			buildSettings = {
				ALWAYS_SEARCH_USER_PATHS = NO;
				CLANG_ANALYZER_NONNULL = YES;
				CLANG_ANALYZER_NUMBER_OBJECT_CONVERSION = YES_AGGRESSIVE;
				CLANG_CXX_LANGUAGE_STANDARD = "gnu++20";
				CLANG_ENABLE_MODULES = YES;
				CLANG_ENABLE_OBJC_ARC = YES;
				CLANG_ENABLE_OBJC_WEAK = YES;
				CLANG_WARN_BLOCK_CAPTURE_AUTORELEASING = YES;
				CLANG_WARN_BOOL_CONVERSION = YES;
				CLANG_WARN_COMMA = YES;
				CLANG_WARN_CONSTANT_CONVERSION = YES;
				CLANG_WARN_DEPRECATED_OBJC_IMPLEMENTATIONS = YES;
				CLANG_WARN_DIRECT_OBJC_ISA_USAGE = YES_ERROR;
				CLANG_WARN_DOCUMENTATION_COMMENTS = YES;
				CLANG_WARN_EMPTY_BODY = YES;
				CLANG_WARN_ENUM_CONVERSION = YES;
				CLANG_WARN_INFINITE_RECURSION = YES;
				CLANG_WARN_INT_CONVERSION = YES;
				CLANG_WARN_NON_LITERAL_NULL_CONVERSION = YES;
				CLANG_WARN_OBJC_IMPLICIT_RETAIN_SELF = YES;
				CLANG_WARN_OBJC_LITERAL_CONVERSION = YES;
				CLANG_WARN_OBJC_ROOT_CLASS = YES_ERROR;
				CLANG_WARN_QUOTED_INCLUDE_IN_FRAMEWORK_HEADER = YES;
				CLANG_WARN_RANGE_LOOP_ANALYSIS = YES;
				CLANG_WARN_STRICT_PROTOTYPES = YES;
				CLANG_WARN_SUSPICIOUS_MOVE = YES;
				CLANG_WARN_UNGUARDED_AVAILABILITY = YES_AGGRESSIVE;
				CLANG_WARN_UNREACHABLE_CODE = YES;
				CLANG_WARN__DUPLICATE_METHOD_MATCH = YES;
				COPY_PHASE_STRIP = NO;
				DEBUG_INFORMATION_FORMAT = "dwarf-with-dsym";
				ENABLE_NS_ASSERTIONS = NO;
				ENABLE_STRICT_OBJC_MSGSEND = YES;
				GCC_C_LANGUAGE_STANDARD = gnu11;
				GCC_NO_COMMON_BLOCKS = YES;
				GCC_WARN_64_TO_32_BIT_CONVERSION = YES;
				GCC_WARN_ABOUT_RETURN_TYPE = YES_ERROR;
				GCC_WARN_UNDECLARED_SELECTOR = YES;
				GCC_WARN_UNINITIALIZED_AUTOS = YES_AGGRESSIVE;
				GCC_WARN_UNUSED_FUNCTION = YES;
				GCC_WARN_UNUSED_VARIABLE = YES;
				IPHONEOS_DEPLOYMENT_TARGET = 16.4;
				MTL_ENABLE_DEBUG_INFO = NO;
				MTL_FAST_MATH = YES;
				SDKROOT = iphoneos;
				SWIFT_COMPILATION_MODE = wholemodule;
				SWIFT_OPTIMIZATION_LEVEL = "-O";
				VALIDATE_PRODUCT = YES;
			};
			name = Release;
		};
		A8EBA47A2A27D9E4009C0307 /* Debug */ = {
			isa = XCBuildConfiguration;
			buildSettings = {
				ASSETCATALOG_COMPILER_APPICON_NAME = AppIcon;
				ASSETCATALOG_COMPILER_GLOBAL_ACCENT_COLOR_NAME = AccentColor;
				CODE_SIGN_STYLE = Automatic;
				CURRENT_PROJECT_VERSION = 1;
				DEVELOPMENT_TEAM = AT52MM9342;
				GENERATE_INFOPLIST_FILE = YES;
				INFOPLIST_FILE = FootballLeagueSimulator/Info.plist;
				INFOPLIST_KEY_UIApplicationSupportsIndirectInputEvents = YES;
				INFOPLIST_KEY_UILaunchStoryboardName = LaunchScreen;
				INFOPLIST_KEY_UIMainStoryboardFile = Main;
				INFOPLIST_KEY_UISupportedInterfaceOrientations_iPad = "UIInterfaceOrientationPortrait UIInterfaceOrientationPortraitUpsideDown UIInterfaceOrientationLandscapeLeft UIInterfaceOrientationLandscapeRight";
				INFOPLIST_KEY_UISupportedInterfaceOrientations_iPhone = "UIInterfaceOrientationPortrait UIInterfaceOrientationLandscapeLeft UIInterfaceOrientationLandscapeRight";
				LD_RUNPATH_SEARCH_PATHS = (
					"$(inherited)",
					"@executable_path/Frameworks",
				);
				MARKETING_VERSION = 1.0;
				PRODUCT_BUNDLE_IDENTIFIER = com.DonatBajrami.FootballLeagueSimulator;
				PRODUCT_NAME = "$(TARGET_NAME)";
				SWIFT_EMIT_LOC_STRINGS = YES;
				SWIFT_VERSION = 5.0;
				TARGETED_DEVICE_FAMILY = "1,2";
			};
			name = Debug;
		};
		A8EBA47B2A27D9E4009C0307 /* Release */ = {
			isa = XCBuildConfiguration;
			buildSettings = {
				ASSETCATALOG_COMPILER_APPICON_NAME = AppIcon;
				ASSETCATALOG_COMPILER_GLOBAL_ACCENT_COLOR_NAME = AccentColor;
				CODE_SIGN_STYLE = Automatic;
				CURRENT_PROJECT_VERSION = 1;
				DEVELOPMENT_TEAM = AT52MM9342;
				GENERATE_INFOPLIST_FILE = YES;
				INFOPLIST_FILE = FootballLeagueSimulator/Info.plist;
				INFOPLIST_KEY_UIApplicationSupportsIndirectInputEvents = YES;
				INFOPLIST_KEY_UILaunchStoryboardName = LaunchScreen;
				INFOPLIST_KEY_UIMainStoryboardFile = Main;
				INFOPLIST_KEY_UISupportedInterfaceOrientations_iPad = "UIInterfaceOrientationPortrait UIInterfaceOrientationPortraitUpsideDown UIInterfaceOrientationLandscapeLeft UIInterfaceOrientationLandscapeRight";
				INFOPLIST_KEY_UISupportedInterfaceOrientations_iPhone = "UIInterfaceOrientationPortrait UIInterfaceOrientationLandscapeLeft UIInterfaceOrientationLandscapeRight";
				LD_RUNPATH_SEARCH_PATHS = (
					"$(inherited)",
					"@executable_path/Frameworks",
				);
				MARKETING_VERSION = 1.0;
				PRODUCT_BUNDLE_IDENTIFIER = com.DonatBajrami.FootballLeagueSimulator;
				PRODUCT_NAME = "$(TARGET_NAME)";
				SWIFT_EMIT_LOC_STRINGS = YES;
				SWIFT_VERSION = 5.0;
				TARGETED_DEVICE_FAMILY = "1,2";
			};
			name = Release;
		};
/* End XCBuildConfiguration section */

/* Begin XCConfigurationList section */
		A8EBA4602A27D9E3009C0307 /* Build configuration list for PBXProject "FootballLeagueSimulator" */ = {
			isa = XCConfigurationList;
			buildConfigurations = (
				A8EBA4772A27D9E4009C0307 /* Debug */,
				A8EBA4782A27D9E4009C0307 /* Release */,
			);
			defaultConfigurationIsVisible = 0;
			defaultConfigurationName = Release;
		};
		A8EBA4792A27D9E4009C0307 /* Build configuration list for PBXNativeTarget "FootballLeagueSimulator" */ = {
			isa = XCConfigurationList;
			buildConfigurations = (
				A8EBA47A2A27D9E4009C0307 /* Debug */,
				A8EBA47B2A27D9E4009C0307 /* Release */,
			);
			defaultConfigurationIsVisible = 0;
			defaultConfigurationName = Release;
		};
/* End XCConfigurationList section */
	};
	rootObject = A8EBA45D2A27D9E3009C0307 /* Project object */;
}
